<?xml version="1.0" encoding="utf-8"?>
<Project ToolsVersion="4.0" xmlns="http://schemas.microsoft.com/developer/msbuild/2003">
  <ItemGroup>
    <ClCompile Include="Camera.cpp">
      <Filter>Source Files</Filter>
    </ClCompile>
    <ClCompile Include="CameraControl.cpp">
      <Filter>Source Files</Filter>
    </ClCompile>
    <ClCompile Include="FirmwareWorker.cpp">
      <Filter>Source Files</Filter>
    </ClCompile>
    <ClCompile Include="SensorControl.cpp">
      <Filter>Source Files</Filter>
    </ClCompile>
    <ClCompile Include="main.cpp">
      <Filter>Source Files</Filter>
    </ClCompile>
    <ClCompile Include="TmWinQt.cpp">
      <Filter>Source Files</Filter>
    </ClCompile>
  </ItemGroup>
  <ItemGroup>
    <QtMoc Include="Camera.h">
      <Filter>Header Files</Filter>
    </QtMoc>
    <QtMoc Include="CameraControl.h">
      <Filter>Header Files</Filter>
    </QtMoc>
    <QtMoc Include="FirmwareWorker.h">
      <Filter>Header Files</Filter>
    </QtMoc>
    <QtMoc Include="SensorControl.h">
      <Filter>Header Files</Filter>
    </QtMoc>
    <QtMoc Include="TmWinQt.h">
      <Filter>Header Files</Filter>
    </QtMoc>
  </ItemGroup>
  <ItemGroup>
    <Filter Include="Form Files">
      <UniqueIdentifier>{e2c99522-516a-4f55-bbbf-af3dcd3f9d7b}</UniqueIdentifier>
    </Filter>
    <Filter Include="Header Files">
      <UniqueIdentifier>{6d706bc7-933f-4fe7-a851-c00208b0960f}</UniqueIdentifier>
    </Filter>
    <Filter Include="Resource Files">
      <UniqueIdentifier>{aa27e2c7-d3ab-4be4-97f8-9329ea537bca}</UniqueIdentifier>
    </Filter>
    <Filter Include="Source Files">
      <UniqueIdentifier>{ec1423e2-74f1-4a72-a5fe-533c6b2ea670}</UniqueIdentifier>
    </Filter>
  </ItemGroup>
  <ItemGroup>
    <QtRcc Include="TmWinQt.qrc">
      <Filter>Resource Files</Filter>
    </QtRcc>
  </ItemGroup>
  <ItemGroup>
    <QtUic Include="TmWinQt.ui">
      <Filter>Form Files</Filter>
    </QtUic>
  </ItemGroup>
</Project>